
Microsoft Visual Studio Solution File, Format Version 12.00
# Visual Studio Version 17
VisualStudioVersion = 17.9.34723.18
MinimumVisualStudioVersion = 10.0.40219.1
Project("{FAE04EC0-301F-11D3-BF4B-00C04F79EFBC}") = "Lesson4Afternoon", "Lesson4Afternoon\Lesson4Afternoon.csproj", "{99FBD419-812D-43B0-A167-8DF7E6BDFF88}"
EndProject
Global
	GlobalSection(SolutionConfigurationPlatforms) = preSolution
		Debug|Any CPU = Debug|Any CPU
		Release|Any CPU = Release|Any CPU
	EndGlobalSection
	GlobalSection(ProjectConfigurationPlatforms) = postSolution
		{99FBD419-812D-43B0-A167-8DF7E6BDFF88}.Debug|Any CPU.ActiveCfg = Debug|Any CPU
		{99FBD419-812D-43B0-A167-8DF7E6BDFF88}.Debug|Any CPU.Build.0 = Debug|Any CPU
		{99FBD419-812D-43B0-A167-8DF7E6BDFF88}.Release|Any CPU.ActiveCfg = Release|Any CPU
		{99FBD419-812D-43B0-A167-8DF7E6BDFF88}.Release|Any CPU.Build.0 = Release|Any CPU
	EndGlobalSection
	GlobalSection(SolutionProperties) = preSolution
		HideSolutionNode = FALSE
	EndGlobalSection
	GlobalSection(ExtensibilityGlobals) = postSolution
		SolutionGuid = {84AAB243-9A85-4229-92D4-360CEF84B0F4}
	EndGlobalSection
EndGlobal
